
Microsoft Visual Studio Solution File, Format Version 12.00
# Visual Studio 15
VisualStudioVersion = 15.0.26430.14
MinimumVisualStudioVersion = 10.0.40219.1
Project("{2150E333-8FDC-42A3-9474-1A3956D46DE8}") = "Src", "Src", "{D3B74466-B3B3-4B2A-98CF-B553DDDA14F4}"
EndProject
Project("{2150E333-8FDC-42A3-9474-1A3956D46DE8}") = "Tests", "Tests", "{6C69F7DB-0ABC-41FA-BE71-133AF712CD98}"
EndProject
Project("{FAE04EC0-301F-11D3-BF4B-00C04F79EFBC}") = "FCM.Net", "FCM.Net\FCM.Net.csproj", "{1BBCA0EA-A1D7-4112-87ED-3B23AB96060B}"
EndProject
Project("{FAE04EC0-301F-11D3-BF4B-00C04F79EFBC}") = "FCM.Net.Playground", "FCM.Net.Playground\FCM.Net.Playground.csproj", "{340B7550-DE63-4EAF-BE90-C34EDD6DCF05}"
EndProject
Project("{9A19103F-16F7-4668-BE54-9A1E7A4F7556}") = "FCM.Net.Core", "FCM.Net.Core\FCM.Net.Core.csproj", "{0D63A80B-46CB-417C-ACD9-31DF94470BC4}"
EndProject
Project("{FAE04EC0-301F-11D3-BF4B-00C04F79EFBC}") = "FCM.Net.PCL", "FCM.Net.PCL\FCM.Net.PCL.csproj", "{98DF4012-C108-4AC2-ABD3-8FE06D30CC7A}"
EndProject
Project("{9A19103F-16F7-4668-BE54-9A1E7A4F7556}") = "FCM.Net.Core.Playground", "FCM.Net.Core.Playground\FCM.Net.Core.Playground.csproj", "{5CB70D96-6DBB-4E51-A7D6-3D650338808A}"
EndProject
Project("{FAE04EC0-301F-11D3-BF4B-00C04F79EFBC}") = "FCM.Net.PCL.Playground", "FCM.Net.PCL.Playground\FCM.Net.PCL.Playground.csproj", "{A327D95B-EBCD-4A19-A799-82F8C31F3F76}"
EndProject
Project("{9A19103F-16F7-4668-BE54-9A1E7A4F7556}") = "FCM.Net.Standard", "FCM.Net.Standard\FCM.Net.Standard.csproj", "{A93EA557-DF44-4AB7-A3F5-8FBCED85A351}"
EndProject
Global
	GlobalSection(SolutionConfigurationPlatforms) = preSolution
		Debug|Any CPU = Debug|Any CPU
		Release|Any CPU = Release|Any CPU
	EndGlobalSection
	GlobalSection(ProjectConfigurationPlatforms) = postSolution
		{1BBCA0EA-A1D7-4112-87ED-3B23AB96060B}.Debug|Any CPU.ActiveCfg = Debug|Any CPU
		{1BBCA0EA-A1D7-4112-87ED-3B23AB96060B}.Debug|Any CPU.Build.0 = Debug|Any CPU
		{1BBCA0EA-A1D7-4112-87ED-3B23AB96060B}.Release|Any CPU.ActiveCfg = Release|Any CPU
		{1BBCA0EA-A1D7-4112-87ED-3B23AB96060B}.Release|Any CPU.Build.0 = Release|Any CPU
		{340B7550-DE63-4EAF-BE90-C34EDD6DCF05}.Debug|Any CPU.ActiveCfg = Debug|Any CPU
		{340B7550-DE63-4EAF-BE90-C34EDD6DCF05}.Debug|Any CPU.Build.0 = Debug|Any CPU
		{340B7550-DE63-4EAF-BE90-C34EDD6DCF05}.Release|Any CPU.ActiveCfg = Release|Any CPU
		{340B7550-DE63-4EAF-BE90-C34EDD6DCF05}.Release|Any CPU.Build.0 = Release|Any CPU
		{0D63A80B-46CB-417C-ACD9-31DF94470BC4}.Debug|Any CPU.ActiveCfg = Debug|Any CPU
		{0D63A80B-46CB-417C-ACD9-31DF94470BC4}.Debug|Any CPU.Build.0 = Debug|Any CPU
		{0D63A80B-46CB-417C-ACD9-31DF94470BC4}.Release|Any CPU.ActiveCfg = Release|Any CPU
		{0D63A80B-46CB-417C-ACD9-31DF94470BC4}.Release|Any CPU.Build.0 = Release|Any CPU
		{98DF4012-C108-4AC2-ABD3-8FE06D30CC7A}.Debug|Any CPU.ActiveCfg = Debug|Any CPU
		{98DF4012-C108-4AC2-ABD3-8FE06D30CC7A}.Debug|Any CPU.Build.0 = Debug|Any CPU
		{98DF4012-C108-4AC2-ABD3-8FE06D30CC7A}.Release|Any CPU.ActiveCfg = Release|Any CPU
		{98DF4012-C108-4AC2-ABD3-8FE06D30CC7A}.Release|Any CPU.Build.0 = Release|Any CPU
		{5CB70D96-6DBB-4E51-A7D6-3D650338808A}.Debug|Any CPU.ActiveCfg = Debug|Any CPU
		{5CB70D96-6DBB-4E51-A7D6-3D650338808A}.Debug|Any CPU.Build.0 = Debug|Any CPU
		{5CB70D96-6DBB-4E51-A7D6-3D650338808A}.Release|Any CPU.ActiveCfg = Release|Any CPU
		{5CB70D96-6DBB-4E51-A7D6-3D650338808A}.Release|Any CPU.Build.0 = Release|Any CPU
		{A327D95B-EBCD-4A19-A799-82F8C31F3F76}.Debug|Any CPU.ActiveCfg = Debug|Any CPU
		{A327D95B-EBCD-4A19-A799-82F8C31F3F76}.Debug|Any CPU.Build.0 = Debug|Any CPU
		{A327D95B-EBCD-4A19-A799-82F8C31F3F76}.Debug|Any CPU.Deploy.0 = Debug|Any CPU
		{A327D95B-EBCD-4A19-A799-82F8C31F3F76}.Release|Any CPU.ActiveCfg = Release|Any CPU
		{A327D95B-EBCD-4A19-A799-82F8C31F3F76}.Release|Any CPU.Build.0 = Release|Any CPU
		{A327D95B-EBCD-4A19-A799-82F8C31F3F76}.Release|Any CPU.Deploy.0 = Release|Any CPU
		{A93EA557-DF44-4AB7-A3F5-8FBCED85A351}.Debug|Any CPU.ActiveCfg = Debug|Any CPU
		{A93EA557-DF44-4AB7-A3F5-8FBCED85A351}.Debug|Any CPU.Build.0 = Debug|Any CPU
		{A93EA557-DF44-4AB7-A3F5-8FBCED85A351}.Release|Any CPU.ActiveCfg = Release|Any CPU
		{A93EA557-DF44-4AB7-A3F5-8FBCED85A351}.Release|Any CPU.Build.0 = Release|Any CPU
	EndGlobalSection
	GlobalSection(SolutionProperties) = preSolution
		HideSolutionNode = FALSE
	EndGlobalSection
	GlobalSection(NestedProjects) = preSolution
		{1BBCA0EA-A1D7-4112-87ED-3B23AB96060B} = {D3B74466-B3B3-4B2A-98CF-B553DDDA14F4}
		{340B7550-DE63-4EAF-BE90-C34EDD6DCF05} = {6C69F7DB-0ABC-41FA-BE71-133AF712CD98}
		{0D63A80B-46CB-417C-ACD9-31DF94470BC4} = {D3B74466-B3B3-4B2A-98CF-B553DDDA14F4}
		{98DF4012-C108-4AC2-ABD3-8FE06D30CC7A} = {D3B74466-B3B3-4B2A-98CF-B553DDDA14F4}
		{5CB70D96-6DBB-4E51-A7D6-3D650338808A} = {6C69F7DB-0ABC-41FA-BE71-133AF712CD98}
		{A327D95B-EBCD-4A19-A799-82F8C31F3F76} = {6C69F7DB-0ABC-41FA-BE71-133AF712CD98}
		{A93EA557-DF44-4AB7-A3F5-8FBCED85A351} = {D3B74466-B3B3-4B2A-98CF-B553DDDA14F4}
	EndGlobalSection
EndGlobal
