
Microsoft Visual Studio Solution File, Format Version 12.00
# Visual Studio 14
VisualStudioVersion = 14.0.25420.1
MinimumVisualStudioVersion = 10.0.40219.1
Project("{FAE04EC0-301F-11D3-BF4B-00C04F79EFBC}") = "FCM.Net", "FCM.Net\FCM.Net.csproj", "{1BBCA0EA-A1D7-4112-87ED-3B23AB96060B}"
EndProject
Project("{FAE04EC0-301F-11D3-BF4B-00C04F79EFBC}") = "FCM.Net.Playground", "FCM.Net.Playground\FCM.Net.Playground.csproj", "{340B7550-DE63-4EAF-BE90-C34EDD6DCF05}"
EndProject
Global
	GlobalSection(SolutionConfigurationPlatforms) = preSolution
		Debug|Any CPU = Debug|Any CPU
		Release|Any CPU = Release|Any CPU
	EndGlobalSection
	GlobalSection(ProjectConfigurationPlatforms) = postSolution
		{1BBCA0EA-A1D7-4112-87ED-3B23AB96060B}.Debug|Any CPU.ActiveCfg = Debug|Any CPU
		{1BBCA0EA-A1D7-4112-87ED-3B23AB96060B}.Debug|Any CPU.Build.0 = Debug|Any CPU
		{1BBCA0EA-A1D7-4112-87ED-3B23AB96060B}.Release|Any CPU.ActiveCfg = Release|Any CPU
		{1BBCA0EA-A1D7-4112-87ED-3B23AB96060B}.Release|Any CPU.Build.0 = Release|Any CPU
		{340B7550-DE63-4EAF-BE90-C34EDD6DCF05}.Debug|Any CPU.ActiveCfg = Debug|Any CPU
		{340B7550-DE63-4EAF-BE90-C34EDD6DCF05}.Debug|Any CPU.Build.0 = Debug|Any CPU
		{340B7550-DE63-4EAF-BE90-C34EDD6DCF05}.Release|Any CPU.ActiveCfg = Release|Any CPU
		{340B7550-DE63-4EAF-BE90-C34EDD6DCF05}.Release|Any CPU.Build.0 = Release|Any CPU
	EndGlobalSection
	GlobalSection(SolutionProperties) = preSolution
		HideSolutionNode = FALSE
	EndGlobalSection
EndGlobal
